
Microsoft Visual Studio Solution File, Format Version 12.00
# Visual Studio 15
Project("{FAE04EC0-301F-11D3-BF4B-00C04F79EFBC}") = "Ink-Libraries", "Ink-Libraries.csproj", "{68DB0A72-DE5F-5E89-B365-0D25A76029F9}"
EndProject
Project("{FAE04EC0-301F-11D3-BF4B-00C04F79EFBC}") = "Assembly-CSharp", "Assembly-CSharp.csproj", "{55809DCC-5FB3-F0A2-306A-C30C58D3AD7C}"
EndProject
Project("{FAE04EC0-301F-11D3-BF4B-00C04F79EFBC}") = "InkEditor", "InkEditor.csproj", "{2DD0435A-59CC-B269-895B-046BC6075050}"
EndProject
Project("{FAE04EC0-301F-11D3-BF4B-00C04F79EFBC}") = "Assembly-CSharp-Editor", "Assembly-CSharp-Editor.csproj", "{DA67DBD8-2891-D900-ACF5-A92D82B03A77}"
EndProject
Global
	GlobalSection(SolutionConfigurationPlatforms) = preSolution
		Debug|Any CPU = Debug|Any CPU
		Release|Any CPU = Release|Any CPU
	EndGlobalSection
	GlobalSection(ProjectConfigurationPlatforms) = postSolution
		{68DB0A72-DE5F-5E89-B365-0D25A76029F9}.Debug|Any CPU.ActiveCfg = Debug|Any CPU
		{68DB0A72-DE5F-5E89-B365-0D25A76029F9}.Debug|Any CPU.Build.0 = Debug|Any CPU
		{68DB0A72-DE5F-5E89-B365-0D25A76029F9}.Release|Any CPU.ActiveCfg = Release|Any CPU
		{68DB0A72-DE5F-5E89-B365-0D25A76029F9}.Release|Any CPU.Build.0 = Release|Any CPU
		{55809DCC-5FB3-F0A2-306A-C30C58D3AD7C}.Debug|Any CPU.ActiveCfg = Debug|Any CPU
		{55809DCC-5FB3-F0A2-306A-C30C58D3AD7C}.Debug|Any CPU.Build.0 = Debug|Any CPU
		{55809DCC-5FB3-F0A2-306A-C30C58D3AD7C}.Release|Any CPU.ActiveCfg = Release|Any CPU
		{55809DCC-5FB3-F0A2-306A-C30C58D3AD7C}.Release|Any CPU.Build.0 = Release|Any CPU
		{2DD0435A-59CC-B269-895B-046BC6075050}.Debug|Any CPU.ActiveCfg = Debug|Any CPU
		{2DD0435A-59CC-B269-895B-046BC6075050}.Debug|Any CPU.Build.0 = Debug|Any CPU
		{2DD0435A-59CC-B269-895B-046BC6075050}.Release|Any CPU.ActiveCfg = Release|Any CPU
		{2DD0435A-59CC-B269-895B-046BC6075050}.Release|Any CPU.Build.0 = Release|Any CPU
		{DA67DBD8-2891-D900-ACF5-A92D82B03A77}.Debug|Any CPU.ActiveCfg = Debug|Any CPU
		{DA67DBD8-2891-D900-ACF5-A92D82B03A77}.Debug|Any CPU.Build.0 = Debug|Any CPU
		{DA67DBD8-2891-D900-ACF5-A92D82B03A77}.Release|Any CPU.ActiveCfg = Release|Any CPU
		{DA67DBD8-2891-D900-ACF5-A92D82B03A77}.Release|Any CPU.Build.0 = Release|Any CPU
	EndGlobalSection
	GlobalSection(SolutionProperties) = preSolution
		HideSolutionNode = FALSE
	EndGlobalSection
EndGlobal
